
Microsoft Visual Studio Solution File, Format Version 12.00
# Visual Studio Version 17
VisualStudioVersion = 17.11.35312.102
MinimumVisualStudioVersion = 10.0.40219.1
Project("{FAE04EC0-301F-11D3-BF4B-00C04F79EFBC}") = "CSharpDersleri", "CSharpDersleri\CSharpDersleri.csproj", "{7239E003-4955-4AAA-A6C0-A9E6C3004BBE}"
EndProject
Global
	GlobalSection(SolutionConfigurationPlatforms) = preSolution
		Debug|Any CPU = Debug|Any CPU
		Release|Any CPU = Release|Any CPU
	EndGlobalSection
	GlobalSection(ProjectConfigurationPlatforms) = postSolution
		{7239E003-4955-4AAA-A6C0-A9E6C3004BBE}.Debug|Any CPU.ActiveCfg = Debug|Any CPU
		{7239E003-4955-4AAA-A6C0-A9E6C3004BBE}.Debug|Any CPU.Build.0 = Debug|Any CPU
		{7239E003-4955-4AAA-A6C0-A9E6C3004BBE}.Release|Any CPU.ActiveCfg = Release|Any CPU
		{7239E003-4955-4AAA-A6C0-A9E6C3004BBE}.Release|Any CPU.Build.0 = Release|Any CPU
	EndGlobalSection
	GlobalSection(SolutionProperties) = preSolution
		HideSolutionNode = FALSE
	EndGlobalSection
	GlobalSection(ExtensibilityGlobals) = postSolution
		SolutionGuid = {2A9981B5-8A6D-4A17-AFA4-0F231BD734BA}
	EndGlobalSection
EndGlobal
